
Microsoft Visual Studio Solution File, Format Version 12.00
# Visual Studio Version 16
VisualStudioVersion = 16.0.30204.135
MinimumVisualStudioVersion = 10.0.40219.1
Project("{FAE04EC0-301F-11D3-BF4B-00C04F79EFBC}") = "ArrIndexMinMaxNumb", "ArrIndexMinMaxNumb.csproj", "{46B5BB0A-A5C2-4057-9D35-71C359236EB3}"
EndProject
Global
	GlobalSection(SolutionConfigurationPlatforms) = preSolution
		Debug|Any CPU = Debug|Any CPU
		Release|Any CPU = Release|Any CPU
	EndGlobalSection
	GlobalSection(ProjectConfigurationPlatforms) = postSolution
		{46B5BB0A-A5C2-4057-9D35-71C359236EB3}.Debug|Any CPU.ActiveCfg = Debug|Any CPU
		{46B5BB0A-A5C2-4057-9D35-71C359236EB3}.Debug|Any CPU.Build.0 = Debug|Any CPU
		{46B5BB0A-A5C2-4057-9D35-71C359236EB3}.Release|Any CPU.ActiveCfg = Release|Any CPU
		{46B5BB0A-A5C2-4057-9D35-71C359236EB3}.Release|Any CPU.Build.0 = Release|Any CPU
	EndGlobalSection
	GlobalSection(SolutionProperties) = preSolution
		HideSolutionNode = FALSE
	EndGlobalSection
	GlobalSection(ExtensibilityGlobals) = postSolution
		SolutionGuid = {AB4D44EC-A654-4A66-9A82-623FC7CEF542}
	EndGlobalSection
EndGlobal
